
Microsoft Visual Studio Solution File, Format Version 12.00
# Visual Studio Version 17
VisualStudioVersion = 17.10.34928.147
MinimumVisualStudioVersion = 10.0.40219.1
Project("{9092AA53-FB77-4645-B42D-1CCCA6BD08BD}") = "NodejsConsoleApp1", "NodejsConsoleApp1\NodejsConsoleApp1.njsproj", "{87989A7F-03B7-42FD-8F6F-9CAF71EF4970}"
EndProject
Global
	GlobalSection(SolutionConfigurationPlatforms) = preSolution
		Debug|Any CPU = Debug|Any CPU
		Release|Any CPU = Release|Any CPU
	EndGlobalSection
	GlobalSection(ProjectConfigurationPlatforms) = postSolution
		{87989A7F-03B7-42FD-8F6F-9CAF71EF4970}.Debug|Any CPU.ActiveCfg = Debug|Any CPU
		{87989A7F-03B7-42FD-8F6F-9CAF71EF4970}.Debug|Any CPU.Build.0 = Debug|Any CPU
		{87989A7F-03B7-42FD-8F6F-9CAF71EF4970}.Release|Any CPU.ActiveCfg = Release|Any CPU
		{87989A7F-03B7-42FD-8F6F-9CAF71EF4970}.Release|Any CPU.Build.0 = Release|Any CPU
	EndGlobalSection
	GlobalSection(SolutionProperties) = preSolution
		HideSolutionNode = FALSE
	EndGlobalSection
	GlobalSection(ExtensibilityGlobals) = postSolution
		SolutionGuid = {48937396-7E14-497E-AD64-1DD33A11D590}
	EndGlobalSection
EndGlobal
